
Microsoft Visual Studio Solution File, Format Version 12.00
# Visual Studio Version 16
VisualStudioVersion = 16.0.30114.105
MinimumVisualStudioVersion = 10.0.40219.1
Project("{2150E333-8FDC-42A3-9474-1A3956D46DE8}") = "src", "src", "{DF9C10D4-F1D0-42A3-BFCD-9E4E61D0D1F2}"
EndProject
Project("{F2A71F9B-5D33-465A-A702-920D77279786}") = "Falco", "src\Falco\Falco.fsproj", "{CDDC7910-FAA3-4979-9264-223DF11F0AB5}"
EndProject
Project("{F2A71F9B-5D33-465A-A702-920D77279786}") = "Falco.Markup", "src\Falco.Markup\Falco.Markup.fsproj", "{DD403FED-9EC2-4817-9909-D1E6E9841BAE}"
EndProject
Project("{2150E333-8FDC-42A3-9474-1A3956D46DE8}") = "test", "test", "{F082AACD-A62B-4F65-9FE2-28102514AA73}"
EndProject
Project("{F2A71F9B-5D33-465A-A702-920D77279786}") = "Falco.Tests", "test\Falco.Tests\Falco.Tests.fsproj", "{053E8975-A55A-4D54-B48B-30423DAE150A}"
EndProject
Project("{F2A71F9B-5D33-465A-A702-920D77279786}") = "Falco.Markup.Tests", "test\Falco.Markup.Tests\Falco.Markup.Tests.fsproj", "{250EF1D1-9C5E-476F-BDD7-5D548E39976A}"
EndProject
Project("{F2A71F9B-5D33-465A-A702-920D77279786}") = "Falco.Template", "templates\Falco.Template.fsproj", "{2BB03E79-B304-4A37-A780-9E074708D939}"
EndProject
Project("{2150E333-8FDC-42A3-9474-1A3956D46DE8}") = "samples", "samples", "{E1309B1B-BA69-4906-967B-EB9E541312FA}"
EndProject
Project("{F2A71F9B-5D33-465A-A702-920D77279786}") = "HelloWorld", "samples\HelloWorld\HelloWorld.fsproj", "{D8C7519E-B1D0-4CC7-94EF-781EE54D3AF4}"
EndProject
Project("{F2A71F9B-5D33-465A-A702-920D77279786}") = "SecureRestApi", "samples\SecureRestApi\SecureRestApi.fsproj", "{28C4D735-0B23-409A-84DC-30C673B4DACA}"
EndProject
Project("{F2A71F9B-5D33-465A-A702-920D77279786}") = "Scriban", "samples\Scriban\Scriban.fsproj", "{1010E93C-331E-4DC4-A927-FA329D1E401C}"
EndProject
Project("{F2A71F9B-5D33-465A-A702-920D77279786}") = "FalcoBenchmarks", "benchmarks\FalcoBenchmarks.fsproj", "{2BD834A5-1519-4AE2-8245-298C2A3F36F5}"
EndProject
Global
	GlobalSection(SolutionConfigurationPlatforms) = preSolution
		Debug|Any CPU = Debug|Any CPU
		Release|Any CPU = Release|Any CPU
	EndGlobalSection
	GlobalSection(SolutionProperties) = preSolution
		HideSolutionNode = FALSE
	EndGlobalSection
	GlobalSection(ProjectConfigurationPlatforms) = postSolution
		{CDDC7910-FAA3-4979-9264-223DF11F0AB5}.Debug|Any CPU.ActiveCfg = Debug|Any CPU
		{CDDC7910-FAA3-4979-9264-223DF11F0AB5}.Debug|Any CPU.Build.0 = Debug|Any CPU
		{CDDC7910-FAA3-4979-9264-223DF11F0AB5}.Release|Any CPU.ActiveCfg = Release|Any CPU
		{CDDC7910-FAA3-4979-9264-223DF11F0AB5}.Release|Any CPU.Build.0 = Release|Any CPU
		{DD403FED-9EC2-4817-9909-D1E6E9841BAE}.Debug|Any CPU.ActiveCfg = Debug|Any CPU
		{DD403FED-9EC2-4817-9909-D1E6E9841BAE}.Debug|Any CPU.Build.0 = Debug|Any CPU
		{DD403FED-9EC2-4817-9909-D1E6E9841BAE}.Release|Any CPU.ActiveCfg = Release|Any CPU
		{DD403FED-9EC2-4817-9909-D1E6E9841BAE}.Release|Any CPU.Build.0 = Release|Any CPU
		{053E8975-A55A-4D54-B48B-30423DAE150A}.Debug|Any CPU.ActiveCfg = Debug|Any CPU
		{053E8975-A55A-4D54-B48B-30423DAE150A}.Debug|Any CPU.Build.0 = Debug|Any CPU
		{053E8975-A55A-4D54-B48B-30423DAE150A}.Release|Any CPU.ActiveCfg = Release|Any CPU
		{053E8975-A55A-4D54-B48B-30423DAE150A}.Release|Any CPU.Build.0 = Release|Any CPU
		{250EF1D1-9C5E-476F-BDD7-5D548E39976A}.Debug|Any CPU.ActiveCfg = Debug|Any CPU
		{250EF1D1-9C5E-476F-BDD7-5D548E39976A}.Debug|Any CPU.Build.0 = Debug|Any CPU
		{250EF1D1-9C5E-476F-BDD7-5D548E39976A}.Release|Any CPU.ActiveCfg = Release|Any CPU
		{250EF1D1-9C5E-476F-BDD7-5D548E39976A}.Release|Any CPU.Build.0 = Release|Any CPU
		{2BB03E79-B304-4A37-A780-9E074708D939}.Debug|Any CPU.ActiveCfg = Debug|Any CPU
		{2BB03E79-B304-4A37-A780-9E074708D939}.Debug|Any CPU.Build.0 = Debug|Any CPU
		{2BB03E79-B304-4A37-A780-9E074708D939}.Release|Any CPU.ActiveCfg = Release|Any CPU
		{2BB03E79-B304-4A37-A780-9E074708D939}.Release|Any CPU.Build.0 = Release|Any CPU
		{D8C7519E-B1D0-4CC7-94EF-781EE54D3AF4}.Debug|Any CPU.ActiveCfg = Debug|Any CPU
		{D8C7519E-B1D0-4CC7-94EF-781EE54D3AF4}.Debug|Any CPU.Build.0 = Debug|Any CPU
		{D8C7519E-B1D0-4CC7-94EF-781EE54D3AF4}.Release|Any CPU.ActiveCfg = Release|Any CPU
		{D8C7519E-B1D0-4CC7-94EF-781EE54D3AF4}.Release|Any CPU.Build.0 = Release|Any CPU
		{28C4D735-0B23-409A-84DC-30C673B4DACA}.Debug|Any CPU.ActiveCfg = Debug|Any CPU
		{28C4D735-0B23-409A-84DC-30C673B4DACA}.Debug|Any CPU.Build.0 = Debug|Any CPU
		{28C4D735-0B23-409A-84DC-30C673B4DACA}.Release|Any CPU.ActiveCfg = Release|Any CPU
		{28C4D735-0B23-409A-84DC-30C673B4DACA}.Release|Any CPU.Build.0 = Release|Any CPU
		{1010E93C-331E-4DC4-A927-FA329D1E401C}.Debug|Any CPU.ActiveCfg = Debug|Any CPU
		{1010E93C-331E-4DC4-A927-FA329D1E401C}.Debug|Any CPU.Build.0 = Debug|Any CPU
		{1010E93C-331E-4DC4-A927-FA329D1E401C}.Release|Any CPU.ActiveCfg = Release|Any CPU
		{1010E93C-331E-4DC4-A927-FA329D1E401C}.Release|Any CPU.Build.0 = Release|Any CPU
		{2BD834A5-1519-4AE2-8245-298C2A3F36F5}.Debug|Any CPU.ActiveCfg = Debug|Any CPU
		{2BD834A5-1519-4AE2-8245-298C2A3F36F5}.Debug|Any CPU.Build.0 = Debug|Any CPU
		{2BD834A5-1519-4AE2-8245-298C2A3F36F5}.Release|Any CPU.ActiveCfg = Release|Any CPU
		{2BD834A5-1519-4AE2-8245-298C2A3F36F5}.Release|Any CPU.Build.0 = Release|Any CPU
	EndGlobalSection
	GlobalSection(NestedProjects) = preSolution
		{CDDC7910-FAA3-4979-9264-223DF11F0AB5} = {DF9C10D4-F1D0-42A3-BFCD-9E4E61D0D1F2}
		{DD403FED-9EC2-4817-9909-D1E6E9841BAE} = {DF9C10D4-F1D0-42A3-BFCD-9E4E61D0D1F2}
		{053E8975-A55A-4D54-B48B-30423DAE150A} = {F082AACD-A62B-4F65-9FE2-28102514AA73}
		{250EF1D1-9C5E-476F-BDD7-5D548E39976A} = {F082AACD-A62B-4F65-9FE2-28102514AA73}
		{D8C7519E-B1D0-4CC7-94EF-781EE54D3AF4} = {E1309B1B-BA69-4906-967B-EB9E541312FA}
		{28C4D735-0B23-409A-84DC-30C673B4DACA} = {E1309B1B-BA69-4906-967B-EB9E541312FA}
		{1010E93C-331E-4DC4-A927-FA329D1E401C} = {E1309B1B-BA69-4906-967B-EB9E541312FA}
	EndGlobalSection
EndGlobal
