
Microsoft Visual Studio Solution File, Format Version 12.00
# Visual Studio Version 17
VisualStudioVersion = 17.0.31903.59
MinimumVisualStudioVersion = 10.0.40219.1
Project("{2150E333-8FDC-42A3-9474-1A3956D46DE8}") = "src", "src", "{52E8E842-7672-4482-8E1E-916E205496CC}"
EndProject
Project("{F2A71F9B-5D33-465A-A702-920D77279786}") = "Falco", "src\Falco\Falco.fsproj", "{AF402625-B60F-4E20-AE4F-5DF828B61FBC}"
EndProject
Project("{2150E333-8FDC-42A3-9474-1A3956D46DE8}") = "test", "test", "{A3D5EF3D-CA03-4C49-8BD6-3579A11B3D45}"
EndProject
Project("{F2A71F9B-5D33-465A-A702-920D77279786}") = "Falco.Tests", "test\Falco.Tests\Falco.Tests.fsproj", "{B934AE95-CFAD-4668-A11B-470C8B3D65D0}"
EndProject
Project("{2150E333-8FDC-42A3-9474-1A3956D46DE8}") = "examples", "examples", "{25F29587-E88A-4C2A-852A-F815628CE274}"
EndProject
Project("{F2A71F9B-5D33-465A-A702-920D77279786}") = "BasicRestApi", "examples\BasicRestApi\BasicRestApi.fsproj", "{EFBBCEA7-DB7F-48A3-85B5-AEE72C3B2435}"
EndProject
Project("{F2A71F9B-5D33-465A-A702-920D77279786}") = "BasicRestApiEvolved", "examples\BasicRestApiEvolved\BasicRestApiEvolved.fsproj", "{66253FC3-74B6-4825-B5F4-07678A49CA36}"
EndProject
Project("{F2A71F9B-5D33-465A-A702-920D77279786}") = "DependencyInjection", "examples\DependencyInjection\DependencyInjection.fsproj", "{16ACA584-193E-4323-A7A2-F004977138FC}"
EndProject
Project("{F2A71F9B-5D33-465A-A702-920D77279786}") = "ExternalViewEngine", "examples\ExternalViewEngine\ExternalViewEngine.fsproj", "{3D609C48-1E82-4514-B58F-15251FECE5F6}"
EndProject
Project("{F2A71F9B-5D33-465A-A702-920D77279786}") = "HelloWorld", "examples\HelloWorld\HelloWorld.fsproj", "{6EDA5D6B-114F-4A0F-B13E-7B5DF80C9943}"
EndProject
Project("{F2A71F9B-5D33-465A-A702-920D77279786}") = "HelloWorldMvc", "examples\HelloWorldMvc\HelloWorldMvc.fsproj", "{66165944-F5F5-44BB-9B48-EF8D6B1CAC50}"
EndProject
Global
	GlobalSection(SolutionConfigurationPlatforms) = preSolution
		Debug|Any CPU = Debug|Any CPU
		Release|Any CPU = Release|Any CPU
	EndGlobalSection
	GlobalSection(SolutionProperties) = preSolution
		HideSolutionNode = FALSE
	EndGlobalSection
	GlobalSection(ProjectConfigurationPlatforms) = postSolution
		{AF402625-B60F-4E20-AE4F-5DF828B61FBC}.Debug|Any CPU.ActiveCfg = Debug|Any CPU
		{AF402625-B60F-4E20-AE4F-5DF828B61FBC}.Debug|Any CPU.Build.0 = Debug|Any CPU
		{AF402625-B60F-4E20-AE4F-5DF828B61FBC}.Release|Any CPU.ActiveCfg = Release|Any CPU
		{AF402625-B60F-4E20-AE4F-5DF828B61FBC}.Release|Any CPU.Build.0 = Release|Any CPU
		{B934AE95-CFAD-4668-A11B-470C8B3D65D0}.Debug|Any CPU.ActiveCfg = Debug|Any CPU
		{B934AE95-CFAD-4668-A11B-470C8B3D65D0}.Debug|Any CPU.Build.0 = Debug|Any CPU
		{B934AE95-CFAD-4668-A11B-470C8B3D65D0}.Release|Any CPU.ActiveCfg = Release|Any CPU
		{B934AE95-CFAD-4668-A11B-470C8B3D65D0}.Release|Any CPU.Build.0 = Release|Any CPU
		{EFBBCEA7-DB7F-48A3-85B5-AEE72C3B2435}.Debug|Any CPU.ActiveCfg = Debug|Any CPU
		{EFBBCEA7-DB7F-48A3-85B5-AEE72C3B2435}.Debug|Any CPU.Build.0 = Debug|Any CPU
		{EFBBCEA7-DB7F-48A3-85B5-AEE72C3B2435}.Release|Any CPU.ActiveCfg = Release|Any CPU
		{EFBBCEA7-DB7F-48A3-85B5-AEE72C3B2435}.Release|Any CPU.Build.0 = Release|Any CPU
		{66253FC3-74B6-4825-B5F4-07678A49CA36}.Debug|Any CPU.ActiveCfg = Debug|Any CPU
		{66253FC3-74B6-4825-B5F4-07678A49CA36}.Debug|Any CPU.Build.0 = Debug|Any CPU
		{66253FC3-74B6-4825-B5F4-07678A49CA36}.Release|Any CPU.ActiveCfg = Release|Any CPU
		{66253FC3-74B6-4825-B5F4-07678A49CA36}.Release|Any CPU.Build.0 = Release|Any CPU
		{16ACA584-193E-4323-A7A2-F004977138FC}.Debug|Any CPU.ActiveCfg = Debug|Any CPU
		{16ACA584-193E-4323-A7A2-F004977138FC}.Debug|Any CPU.Build.0 = Debug|Any CPU
		{16ACA584-193E-4323-A7A2-F004977138FC}.Release|Any CPU.ActiveCfg = Release|Any CPU
		{16ACA584-193E-4323-A7A2-F004977138FC}.Release|Any CPU.Build.0 = Release|Any CPU
		{3D609C48-1E82-4514-B58F-15251FECE5F6}.Debug|Any CPU.ActiveCfg = Debug|Any CPU
		{3D609C48-1E82-4514-B58F-15251FECE5F6}.Debug|Any CPU.Build.0 = Debug|Any CPU
		{3D609C48-1E82-4514-B58F-15251FECE5F6}.Release|Any CPU.ActiveCfg = Release|Any CPU
		{3D609C48-1E82-4514-B58F-15251FECE5F6}.Release|Any CPU.Build.0 = Release|Any CPU
		{6EDA5D6B-114F-4A0F-B13E-7B5DF80C9943}.Debug|Any CPU.ActiveCfg = Debug|Any CPU
		{6EDA5D6B-114F-4A0F-B13E-7B5DF80C9943}.Debug|Any CPU.Build.0 = Debug|Any CPU
		{6EDA5D6B-114F-4A0F-B13E-7B5DF80C9943}.Release|Any CPU.ActiveCfg = Release|Any CPU
		{6EDA5D6B-114F-4A0F-B13E-7B5DF80C9943}.Release|Any CPU.Build.0 = Release|Any CPU
		{66165944-F5F5-44BB-9B48-EF8D6B1CAC50}.Debug|Any CPU.ActiveCfg = Debug|Any CPU
		{66165944-F5F5-44BB-9B48-EF8D6B1CAC50}.Debug|Any CPU.Build.0 = Debug|Any CPU
		{66165944-F5F5-44BB-9B48-EF8D6B1CAC50}.Release|Any CPU.ActiveCfg = Release|Any CPU
		{66165944-F5F5-44BB-9B48-EF8D6B1CAC50}.Release|Any CPU.Build.0 = Release|Any CPU
	EndGlobalSection
	GlobalSection(NestedProjects) = preSolution
		{AF402625-B60F-4E20-AE4F-5DF828B61FBC} = {52E8E842-7672-4482-8E1E-916E205496CC}
		{B934AE95-CFAD-4668-A11B-470C8B3D65D0} = {A3D5EF3D-CA03-4C49-8BD6-3579A11B3D45}
		{EFBBCEA7-DB7F-48A3-85B5-AEE72C3B2435} = {25F29587-E88A-4C2A-852A-F815628CE274}
		{66253FC3-74B6-4825-B5F4-07678A49CA36} = {25F29587-E88A-4C2A-852A-F815628CE274}
		{16ACA584-193E-4323-A7A2-F004977138FC} = {25F29587-E88A-4C2A-852A-F815628CE274}
		{3D609C48-1E82-4514-B58F-15251FECE5F6} = {25F29587-E88A-4C2A-852A-F815628CE274}
		{6EDA5D6B-114F-4A0F-B13E-7B5DF80C9943} = {25F29587-E88A-4C2A-852A-F815628CE274}
		{66165944-F5F5-44BB-9B48-EF8D6B1CAC50} = {25F29587-E88A-4C2A-852A-F815628CE274}
	EndGlobalSection
EndGlobal
