
Microsoft Visual Studio Solution File, Format Version 12.00
# Visual Studio Version 16
VisualStudioVersion = 16.0.30114.105
MinimumVisualStudioVersion = 10.0.40219.1
Project("{F2A71F9B-5D33-465A-A702-920D77279786}") = "Falco", "Falco\Falco.fsproj", "{6397F4F5-9AC7-4CEB-A65C-50389CFAA87C}"
EndProject
Project("{F2A71F9B-5D33-465A-A702-920D77279786}") = "Falco.Tests", "..\test\Falco.Tests\Falco.Tests.fsproj", "{1EDD1E49-10BC-43CC-9FDA-29BC504DE317}"
EndProject
Project("{F2A71F9B-5D33-465A-A702-920D77279786}") = "HelloWorld", "..\samples\HelloWorld\HelloWorld.fsproj", "{4E03A9AE-74B7-4B54-A8CB-D6FC6FE8C2CC}"
EndProject
Project("{F2A71F9B-5D33-465A-A702-920D77279786}") = "Scriban", "..\samples\Scriban\Scriban.fsproj", "{1CD35CC5-2971-4A66-93AB-EE9B31254D04}"
EndProject
Project("{F2A71F9B-5D33-465A-A702-920D77279786}") = "SecureRestApi", "..\samples\SecureRestApi\SecureRestApi.fsproj", "{1E6FA72E-96AA-423E-B8E9-113B208AF193}"
EndProject
Global
	GlobalSection(SolutionConfigurationPlatforms) = preSolution
		Debug|Any CPU = Debug|Any CPU
		Release|Any CPU = Release|Any CPU
	EndGlobalSection
	GlobalSection(SolutionProperties) = preSolution
		HideSolutionNode = FALSE
	EndGlobalSection
	GlobalSection(ProjectConfigurationPlatforms) = postSolution
		{6397F4F5-9AC7-4CEB-A65C-50389CFAA87C}.Debug|Any CPU.ActiveCfg = Debug|Any CPU
		{6397F4F5-9AC7-4CEB-A65C-50389CFAA87C}.Debug|Any CPU.Build.0 = Debug|Any CPU
		{6397F4F5-9AC7-4CEB-A65C-50389CFAA87C}.Release|Any CPU.ActiveCfg = Release|Any CPU
		{6397F4F5-9AC7-4CEB-A65C-50389CFAA87C}.Release|Any CPU.Build.0 = Release|Any CPU
		{1EDD1E49-10BC-43CC-9FDA-29BC504DE317}.Debug|Any CPU.ActiveCfg = Debug|Any CPU
		{1EDD1E49-10BC-43CC-9FDA-29BC504DE317}.Debug|Any CPU.Build.0 = Debug|Any CPU
		{1EDD1E49-10BC-43CC-9FDA-29BC504DE317}.Release|Any CPU.ActiveCfg = Release|Any CPU
		{1EDD1E49-10BC-43CC-9FDA-29BC504DE317}.Release|Any CPU.Build.0 = Release|Any CPU
		{4E03A9AE-74B7-4B54-A8CB-D6FC6FE8C2CC}.Debug|Any CPU.ActiveCfg = Debug|Any CPU
		{4E03A9AE-74B7-4B54-A8CB-D6FC6FE8C2CC}.Debug|Any CPU.Build.0 = Debug|Any CPU
		{4E03A9AE-74B7-4B54-A8CB-D6FC6FE8C2CC}.Release|Any CPU.ActiveCfg = Release|Any CPU
		{4E03A9AE-74B7-4B54-A8CB-D6FC6FE8C2CC}.Release|Any CPU.Build.0 = Release|Any CPU
		{1CD35CC5-2971-4A66-93AB-EE9B31254D04}.Debug|Any CPU.ActiveCfg = Debug|Any CPU
		{1CD35CC5-2971-4A66-93AB-EE9B31254D04}.Debug|Any CPU.Build.0 = Debug|Any CPU
		{1CD35CC5-2971-4A66-93AB-EE9B31254D04}.Release|Any CPU.ActiveCfg = Release|Any CPU
		{1CD35CC5-2971-4A66-93AB-EE9B31254D04}.Release|Any CPU.Build.0 = Release|Any CPU
		{1E6FA72E-96AA-423E-B8E9-113B208AF193}.Debug|Any CPU.ActiveCfg = Debug|Any CPU
		{1E6FA72E-96AA-423E-B8E9-113B208AF193}.Debug|Any CPU.Build.0 = Debug|Any CPU
		{1E6FA72E-96AA-423E-B8E9-113B208AF193}.Release|Any CPU.ActiveCfg = Release|Any CPU
		{1E6FA72E-96AA-423E-B8E9-113B208AF193}.Release|Any CPU.Build.0 = Release|Any CPU
	EndGlobalSection
EndGlobal
